// !$*UTF8*$!
{
	archiveVersion = 1;
	classes = {
	};
	objectVersion = 46;
	objects = {

/* Begin PBXBuildFile section */
		B508F9B11E66432D0054730C /* Img in CopyFiles */ = {isa = PBXBuildFile; fileRef = BEA168421E60973900EF577D /* Img */; };
		BEA1683C1E6096D100EF577D /* main.cpp in Sources */ = {isa = PBXBuildFile; fileRef = BEA1683B1E6096D100EF577D /* main.cpp */; };
		BEA168451E60975300EF577D /* SDL2.framework in Frameworks */ = {isa = PBXBuildFile; fileRef = BEA168441E60975300EF577D /* SDL2.framework */; };
/* End PBXBuildFile section */

/* Begin PBXCopyFilesBuildPhase section */
		BEA168361E6096D100EF577D /* CopyFiles */ = {
			isa = PBXCopyFilesBuildPhase;
			buildActionMask = 12;
			dstPath = "";
			dstSubfolderSpec = 16;
			files = (
				B508F9B11E66432D0054730C /* Img in CopyFiles */,
			);
			runOnlyForDeploymentPostprocessing = 0;
		};
/* End PBXCopyFilesBuildPhase section */

/* Begin PBXFileReference section */
		BE0F3CDC1E84C18E001BDF40 /* multi-threading (broken).txt */ = {isa = PBXFileReference; fileEncoding = 4; lastKnownFileType = text; path = "multi-threading (broken).txt"; sourceTree = "<group>"; };
		BEA168381E6096D100EF577D /* Hoppin */ = {isa = PBXFileReference; explicitFileType = "compiled.mach-o.executable"; includeInIndex = 0; path = Hoppin; sourceTree = BUILT_PRODUCTS_DIR; };
		BEA1683B1E6096D100EF577D /* main.cpp */ = {isa = PBXFileReference; lastKnownFileType = sourcecode.cpp.cpp; path = main.cpp; sourceTree = "<group>"; };
		BEA168421E60973900EF577D /* Img */ = {isa = PBXFileReference; lastKnownFileType = folder; path = Img; sourceTree = "<group>"; };
		BEA168441E60975300EF577D /* SDL2.framework */ = {isa = PBXFileReference; lastKnownFileType = wrapper.framework; name = SDL2.framework; path = ../../../../../../../Library/Frameworks/SDL2.framework; sourceTree = "<group>"; };
		BEA6CCA11E7C360700D35349 /* audio */ = {isa = PBXFileReference; lastKnownFileType = folder; path = audio; sourceTree = "<group>"; };
/* End PBXFileReference section */

/* Begin PBXFrameworksBuildPhase section */
		BEA168351E6096D100EF577D /* Frameworks */ = {
			isa = PBXFrameworksBuildPhase;
			buildActionMask = 2147483647;
			files = (
				BEA168451E60975300EF577D /* SDL2.framework in Frameworks */,
			);
			runOnlyForDeploymentPostprocessing = 0;
		};
/* End PBXFrameworksBuildPhase section */

/* Begin PBXGroup section */
		BEA1682F1E6096D100EF577D = {
			isa = PBXGroup;
			children = (
				BEA1683A1E6096D100EF577D /* Hoppin */,
				BEA168391E6096D100EF577D /* Products */,
				BEA168431E60975300EF577D /* Frameworks */,
			);
			sourceTree = "<group>";
		};
		BEA168391E6096D100EF577D /* Products */ = {
			isa = PBXGroup;
			children = (
				BEA168381E6096D100EF577D /* Hoppin */,
			);
			name = Products;
			sourceTree = "<group>";
		};
		BEA1683A1E6096D100EF577D /* Hoppin */ = {
			isa = PBXGroup;
			children = (
				BE0F3CDC1E84C18E001BDF40 /* multi-threading (broken).txt */,
				BEA1683B1E6096D100EF577D /* main.cpp */,
				BEA6CCA11E7C360700D35349 /* audio */,
				BEA168421E60973900EF577D /* Img */,
			);
			path = Hoppin;
			sourceTree = "<group>";
		};
		BEA168431E60975300EF577D /* Frameworks */ = {
			isa = PBXGroup;
			children = (
				BEA168441E60975300EF577D /* SDL2.framework */,
			);
			name = Frameworks;
			sourceTree = "<group>";
		};
/* End PBXGroup section */

/* Begin PBXNativeTarget section */
		BEA168371E6096D100EF577D /* Hoppin */ = {
			isa = PBXNativeTarget;
			buildConfigurationList = BEA1683F1E6096D100EF577D /* Build configuration list for PBXNativeTarget "Hoppin" */;
			buildPhases = (
				BEA168341E6096D100EF577D /* Sources */,
				BEA168351E6096D100EF577D /* Frameworks */,
				BEA168361E6096D100EF577D /* CopyFiles */,
			);
			buildRules = (
			);
			dependencies = (
			);
			name = Hoppin;
			productName = Hoppin;
			productReference = BEA168381E6096D100EF577D /* Hoppin */;
			productType = "com.apple.product-type.tool";
		};
/* End PBXNativeTarget section */

/* Begin PBXProject section */
		BEA168301E6096D100EF577D /* Project object */ = {
			isa = PBXProject;
			attributes = {
				LastUpgradeCheck = 0820;
				ORGANIZATIONNAME = "Carter Hough, Ben Hanberry";
				TargetAttributes = {
					BEA168371E6096D100EF577D = {
						CreatedOnToolsVersion = 8.2.1;
						ProvisioningStyle = Automatic;
					};
				};
			};
			buildConfigurationList = BEA168331E6096D100EF577D /* Build configuration list for PBXProject "Hoppin" */;
			compatibilityVersion = "Xcode 3.2";
			developmentRegion = English;
			hasScannedForEncodings = 0;
			knownRegions = (
				en,
			);
			mainGroup = BEA1682F1E6096D100EF577D;
			productRefGroup = BEA168391E6096D100EF577D /* Products */;
			projectDirPath = "";
			projectRoot = "";
			targets = (
				BEA168371E6096D100EF577D /* Hoppin */,
			);
		};
/* End PBXProject section */

/* Begin PBXSourcesBuildPhase section */
		BEA168341E6096D100EF577D /* Sources */ = {
			isa = PBXSourcesBuildPhase;
			buildActionMask = 2147483647;
			files = (
				BEA1683C1E6096D100EF577D /* main.cpp in Sources */,
			);
			runOnlyForDeploymentPostprocessing = 0;
		};
/* End PBXSourcesBuildPhase section */

/* Begin XCBuildConfiguration section */
		BEA1683D1E6096D100EF577D /* Debug */ = {
			isa = XCBuildConfiguration;
			buildSettings = {
				ALWAYS_SEARCH_USER_PATHS = NO;
				CLANG_ANALYZER_NONNULL = YES;
				CLANG_CXX_LANGUAGE_STANDARD = "gnu++0x";
				CLANG_CXX_LIBRARY = "libc++";
				CLANG_ENABLE_MODULES = YES;
				CLANG_ENABLE_OBJC_ARC = YES;
				CLANG_WARN_BOOL_CONVERSION = YES;
				CLANG_WARN_CONSTANT_CONVERSION = YES;
				CLANG_WARN_DIRECT_OBJC_ISA_USAGE = YES_ERROR;
				CLANG_WARN_DOCUMENTATION_COMMENTS = YES;
				CLANG_WARN_EMPTY_BODY = YES;
				CLANG_WARN_ENUM_CONVERSION = YES;
				CLANG_WARN_INFINITE_RECURSION = YES;
				CLANG_WARN_INT_CONVERSION = YES;
				CLANG_WARN_OBJC_ROOT_CLASS = YES_ERROR;
				CLANG_WARN_SUSPICIOUS_MOVE = YES;
				CLANG_WARN_UNREACHABLE_CODE = YES;
				CLANG_WARN__DUPLICATE_METHOD_MATCH = YES;
				CODE_SIGN_IDENTITY = "-";
				COPY_PHASE_STRIP = NO;
				DEBUG_INFORMATION_FORMAT = dwarf;
				ENABLE_STRICT_OBJC_MSGSEND = YES;
				ENABLE_TESTABILITY = YES;
				GCC_C_LANGUAGE_STANDARD = gnu99;
				GCC_DYNAMIC_NO_PIC = NO;
				GCC_NO_COMMON_BLOCKS = YES;
				GCC_OPTIMIZATION_LEVEL = 0;
				GCC_PREPROCESSOR_DEFINITIONS = (
					"DEBUG=1",
					"$(inherited)",
				);
				GCC_WARN_64_TO_32_BIT_CONVERSION = YES;
				GCC_WARN_ABOUT_RETURN_TYPE = YES_ERROR;
				GCC_WARN_UNDECLARED_SELECTOR = YES;
				GCC_WARN_UNINITIALIZED_AUTOS = YES_AGGRESSIVE;
				GCC_WARN_UNUSED_FUNCTION = YES;
				GCC_WARN_UNUSED_VARIABLE = YES;
				MACOSX_DEPLOYMENT_TARGET = 10.12;
				MTL_ENABLE_DEBUG_INFO = YES;
				ONLY_ACTIVE_ARCH = YES;
				SDKROOT = macosx;
			};
			name = Debug;
		};
		BEA1683E1E6096D100EF577D /* Release */ = {
			isa = XCBuildConfiguration;
			buildSettings = {
				ALWAYS_SEARCH_USER_PATHS = NO;
				CLANG_ANALYZER_NONNULL = YES;
				CLANG_CXX_LANGUAGE_STANDARD = "gnu++0x";
				CLANG_CXX_LIBRARY = "libc++";
				CLANG_ENABLE_MODULES = YES;
				CLANG_ENABLE_OBJC_ARC = YES;
				CLANG_WARN_BOOL_CONVERSION = YES;
				CLANG_WARN_CONSTANT_CONVERSION = YES;
				CLANG_WARN_DIRECT_OBJC_ISA_USAGE = YES_ERROR;
				CLANG_WARN_DOCUMENTATION_COMMENTS = YES;
				CLANG_WARN_EMPTY_BODY = YES;
				CLANG_WARN_ENUM_CONVERSION = YES;
				CLANG_WARN_INFINITE_RECURSION = YES;
				CLANG_WARN_INT_CONVERSION = YES;
				CLANG_WARN_OBJC_ROOT_CLASS = YES_ERROR;
				CLANG_WARN_SUSPICIOUS_MOVE = YES;
				CLANG_WARN_UNREACHABLE_CODE = YES;
				CLANG_WARN__DUPLICATE_METHOD_MATCH = YES;
				CODE_SIGN_IDENTITY = "-";
				COPY_PHASE_STRIP = NO;
				DEBUG_INFORMATION_FORMAT = "dwarf-with-dsym";
				ENABLE_NS_ASSERTIONS = NO;
				ENABLE_STRICT_OBJC_MSGSEND = YES;
				GCC_C_LANGUAGE_STANDARD = gnu99;
				GCC_NO_COMMON_BLOCKS = YES;
				GCC_WARN_64_TO_32_BIT_CONVERSION = YES;
				GCC_WARN_ABOUT_RETURN_TYPE = YES_ERROR;
				GCC_WARN_UNDECLARED_SELECTOR = YES;
				GCC_WARN_UNINITIALIZED_AUTOS = YES_AGGRESSIVE;
				GCC_WARN_UNUSED_FUNCTION = YES;
				GCC_WARN_UNUSED_VARIABLE = YES;
				MACOSX_DEPLOYMENT_TARGET = 10.12;
				MTL_ENABLE_DEBUG_INFO = NO;
				SDKROOT = macosx;
			};
			name = Release;
		};
		BEA168401E6096D100EF577D /* Debug */ = {
			isa = XCBuildConfiguration;
			buildSettings = {
				FRAMEWORK_SEARCH_PATHS = (
					"$(inherited)",
					"$(LOCAL_LIBRARY_DIR)/Frameworks",
				);
				PRODUCT_NAME = "$(TARGET_NAME)";
			};
			name = Debug;
		};
		BEA168411E6096D100EF577D /* Release */ = {
			isa = XCBuildConfiguration;
			buildSettings = {
				FRAMEWORK_SEARCH_PATHS = (
					"$(inherited)",
					"$(LOCAL_LIBRARY_DIR)/Frameworks",
				);
				PRODUCT_NAME = "$(TARGET_NAME)";
			};
			name = Release;
		};
/* End XCBuildConfiguration section */

/* Begin XCConfigurationList section */
		BEA168331E6096D100EF577D /* Build configuration list for PBXProject "Hoppin" */ = {
			isa = XCConfigurationList;
			buildConfigurations = (
				BEA1683D1E6096D100EF577D /* Debug */,
				BEA1683E1E6096D100EF577D /* Release */,
			);
			defaultConfigurationIsVisible = 0;
			defaultConfigurationName = Release;
		};
		BEA1683F1E6096D100EF577D /* Build configuration list for PBXNativeTarget "Hoppin" */ = {
			isa = XCConfigurationList;
			buildConfigurations = (
				BEA168401E6096D100EF577D /* Debug */,
				BEA168411E6096D100EF577D /* Release */,
			);
			defaultConfigurationIsVisible = 0;
			defaultConfigurationName = Release;
		};
/* End XCConfigurationList section */
	};
	rootObject = BEA168301E6096D100EF577D /* Project object */;
}
